{
  "name": "week-9",
  "version": "1.0.0",
  "lockfileVersion": 2,
  "requires": true,
  "packages": {
    "": {
      "version": "1.0.0",
      "license": "ISC",
      "dependencies": {
        "@mdi/font": "npm:undefined@*"
      }
    },
    "node_modules/@mdi/font": {}
  },
  "dependencies": {
    "@mdi/font": {}
  }
}
